
Microsoft Visual Studio Solution File, Format Version 12.00
# Visual Studio Version 17
VisualStudioVersion = 17.11.35327.3
MinimumVisualStudioVersion = 10.0.40219.1
Project("{FAE04EC0-301F-11D3-BF4B-00C04F79EFBC}") = "BTL", "BTL.csproj", "{30AC68BE-17EC-4726-95F3-6FEE13CBC5A5}"
EndProject
Global
	GlobalSection(SolutionConfigurationPlatforms) = preSolution
		Debug|Any CPU = Debug|Any CPU
		Release|Any CPU = Release|Any CPU
	EndGlobalSection
	GlobalSection(ProjectConfigurationPlatforms) = postSolution
		{30AC68BE-17EC-4726-95F3-6FEE13CBC5A5}.Debug|Any CPU.ActiveCfg = Debug|Any CPU
		{30AC68BE-17EC-4726-95F3-6FEE13CBC5A5}.Debug|Any CPU.Build.0 = Debug|Any CPU
		{30AC68BE-17EC-4726-95F3-6FEE13CBC5A5}.Release|Any CPU.ActiveCfg = Release|Any CPU
		{30AC68BE-17EC-4726-95F3-6FEE13CBC5A5}.Release|Any CPU.Build.0 = Release|Any CPU
	EndGlobalSection
	GlobalSection(SolutionProperties) = preSolution
		HideSolutionNode = FALSE
	EndGlobalSection
	GlobalSection(ExtensibilityGlobals) = postSolution
		SolutionGuid = {CCFD46B1-8B89-446E-858E-13E493819CE4}
	EndGlobalSection
EndGlobal
